
Microsoft Visual Studio Solution File, Format Version 12.00
# Visual Studio Version 17
VisualStudioVersion = 17.4.33213.308
MinimumVisualStudioVersion = 10.0.40219.1
Project("{FAE04EC0-301F-11D3-BF4B-00C04F79EFBC}") = "Generics_Task1", "Generics_Task1\Generics_Task1.csproj", "{B3B2CFEF-1129-45A0-BC6C-499FDBD8AC20}"
EndProject
Project("{FAE04EC0-301F-11D3-BF4B-00C04F79EFBC}") = "Generics_Task2", "Generics_Task2\Generics_Task2.csproj", "{56703F02-7AA0-4777-AC08-B356E4E1415D}"
EndProject
Global
	GlobalSection(SolutionConfigurationPlatforms) = preSolution
		Debug|Any CPU = Debug|Any CPU
		Release|Any CPU = Release|Any CPU
	EndGlobalSection
	GlobalSection(ProjectConfigurationPlatforms) = postSolution
		{B3B2CFEF-1129-45A0-BC6C-499FDBD8AC20}.Debug|Any CPU.ActiveCfg = Debug|Any CPU
		{B3B2CFEF-1129-45A0-BC6C-499FDBD8AC20}.Debug|Any CPU.Build.0 = Debug|Any CPU
		{B3B2CFEF-1129-45A0-BC6C-499FDBD8AC20}.Release|Any CPU.ActiveCfg = Release|Any CPU
		{B3B2CFEF-1129-45A0-BC6C-499FDBD8AC20}.Release|Any CPU.Build.0 = Release|Any CPU
		{56703F02-7AA0-4777-AC08-B356E4E1415D}.Debug|Any CPU.ActiveCfg = Debug|Any CPU
		{56703F02-7AA0-4777-AC08-B356E4E1415D}.Debug|Any CPU.Build.0 = Debug|Any CPU
		{56703F02-7AA0-4777-AC08-B356E4E1415D}.Release|Any CPU.ActiveCfg = Release|Any CPU
		{56703F02-7AA0-4777-AC08-B356E4E1415D}.Release|Any CPU.Build.0 = Release|Any CPU
	EndGlobalSection
	GlobalSection(SolutionProperties) = preSolution
		HideSolutionNode = FALSE
	EndGlobalSection
	GlobalSection(ExtensibilityGlobals) = postSolution
		SolutionGuid = {4B99AB43-11C2-4EE6-81F8-A5B602339CC4}
	EndGlobalSection
EndGlobal
