
Microsoft Visual Studio Solution File, Format Version 12.00
# Visual Studio Version 17
VisualStudioVersion = 17.4.33213.308
MinimumVisualStudioVersion = 10.0.40219.1
Project("{FAE04EC0-301F-11D3-BF4B-00C04F79EFBC}") = "OOP_Task1", "OOP_Task1\OOP_Task1.csproj", "{35C940A3-DDD6-4702-A417-759530CFD0FD}"
EndProject
Project("{FAE04EC0-301F-11D3-BF4B-00C04F79EFBC}") = "OOP_Task2", "OOP_Task2\OOP_Task2.csproj", "{89688FD8-8FFA-4ED2-A990-FE972A3C89EE}"
EndProject
Global
	GlobalSection(SolutionConfigurationPlatforms) = preSolution
		Debug|Any CPU = Debug|Any CPU
		Release|Any CPU = Release|Any CPU
	EndGlobalSection
	GlobalSection(ProjectConfigurationPlatforms) = postSolution
		{35C940A3-DDD6-4702-A417-759530CFD0FD}.Debug|Any CPU.ActiveCfg = Debug|Any CPU
		{35C940A3-DDD6-4702-A417-759530CFD0FD}.Debug|Any CPU.Build.0 = Debug|Any CPU
		{35C940A3-DDD6-4702-A417-759530CFD0FD}.Release|Any CPU.ActiveCfg = Release|Any CPU
		{35C940A3-DDD6-4702-A417-759530CFD0FD}.Release|Any CPU.Build.0 = Release|Any CPU
		{89688FD8-8FFA-4ED2-A990-FE972A3C89EE}.Debug|Any CPU.ActiveCfg = Debug|Any CPU
		{89688FD8-8FFA-4ED2-A990-FE972A3C89EE}.Debug|Any CPU.Build.0 = Debug|Any CPU
		{89688FD8-8FFA-4ED2-A990-FE972A3C89EE}.Release|Any CPU.ActiveCfg = Release|Any CPU
		{89688FD8-8FFA-4ED2-A990-FE972A3C89EE}.Release|Any CPU.Build.0 = Release|Any CPU
	EndGlobalSection
	GlobalSection(SolutionProperties) = preSolution
		HideSolutionNode = FALSE
	EndGlobalSection
	GlobalSection(ExtensibilityGlobals) = postSolution
		SolutionGuid = {4B99AB43-11C2-4EE6-81F8-A5B602339CC4}
	EndGlobalSection
EndGlobal
